// !$*UTF8*$!
{
	archiveVersion = 1;
	classes = {
	};
	objectVersion = 46;
	objects = {

/* Begin PBXBuildFile section */
		7B385DE415C384B700A28686 /* ANSegmentedCell.m in Sources */ = {isa = PBXBuildFile; fileRef = 7B385DDD15C384B700A28686 /* ANSegmentedCell.m */; };
		7B385DE515C384B700A28686 /* ANSegmentedControl.m in Sources */ = {isa = PBXBuildFile; fileRef = 7B385DDF15C384B700A28686 /* ANSegmentedControl.m */; };
		7B385DE615C384B800A28686 /* NSBezierPath+MCAdditions.m in Sources */ = {isa = PBXBuildFile; fileRef = 7B385DE115C384B700A28686 /* NSBezierPath+MCAdditions.m */; };
		7B385DE715C384B800A28686 /* NSShadow+MCAdditions.m in Sources */ = {isa = PBXBuildFile; fileRef = 7B385DE315C384B700A28686 /* NSShadow+MCAdditions.m */; };
		7B542D6415C24FD00053295C /* QuartzCore.framework in Frameworks */ = {isa = PBXBuildFile; fileRef = 7B542D6315C24FD00053295C /* QuartzCore.framework */; };
		7B6A1A6015E707B40028D3E1 /* AtoZ.framework in Frameworks */ = {isa = PBXBuildFile; fileRef = 7B6A1A5F15E707B40028D3E1 /* AtoZ.framework */; };
		7B7C008D15D186280093CF6B /* scratch in Resources */ = {isa = PBXBuildFile; fileRef = 7B7C008C15D186280093CF6B /* scratch */; };
		7BBD989A15AF7EB800943FC1 /* Cocoa.framework in Frameworks */ = {isa = PBXBuildFile; fileRef = 7BBD989915AF7EB800943FC1 /* Cocoa.framework */; };
		7BBD98A415AF7EB800943FC1 /* InfoPlist.strings in Resources */ = {isa = PBXBuildFile; fileRef = 7BBD98A215AF7EB800943FC1 /* InfoPlist.strings */; };
		7BBD98A615AF7EB800943FC1 /* main.m in Sources */ = {isa = PBXBuildFile; fileRef = 7BBD98A515AF7EB800943FC1 /* main.m */; };
		7BBD98AA15AF7EB800943FC1 /* Credits.rtf in Resources */ = {isa = PBXBuildFile; fileRef = 7BBD98A815AF7EB800943FC1 /* Credits.rtf */; };
		7BBD98AD15AF7EB800943FC1 /* AZAppDelegate.m in Sources */ = {isa = PBXBuildFile; fileRef = 7BBD98AC15AF7EB800943FC1 /* AZAppDelegate.m */; };
		7BBD98B015AF7EB800943FC1 /* MainMenu.xib in Resources */ = {isa = PBXBuildFile; fileRef = 7BBD98AE15AF7EB800943FC1 /* MainMenu.xib */; };
		7BBD98DD15AF9D5200943FC1 /* 1.pdf in Resources */ = {isa = PBXBuildFile; fileRef = 7BBD98D815AF9D5100943FC1 /* 1.pdf */; };
		7BBD98DE15AF9D5200943FC1 /* 2.pdf in Resources */ = {isa = PBXBuildFile; fileRef = 7BBD98D915AF9D5200943FC1 /* 2.pdf */; };
		7BBD98DF15AF9D5200943FC1 /* 3.pdf in Resources */ = {isa = PBXBuildFile; fileRef = 7BBD98DA15AF9D5200943FC1 /* 3.pdf */; };
		7BBD98E015AF9D5200943FC1 /* 4.pdf in Resources */ = {isa = PBXBuildFile; fileRef = 7BBD98DB15AF9D5200943FC1 /* 4.pdf */; };
		7BBD98E115AF9D5200943FC1 /* 5.pdf in Resources */ = {isa = PBXBuildFile; fileRef = 7BBD98DC15AF9D5200943FC1 /* 5.pdf */; };
/* End PBXBuildFile section */

/* Begin PBXCopyFilesBuildPhase section */
		7BA6A40215C2A0C2005503DF /* CopyFiles */ = {
			isa = PBXCopyFilesBuildPhase;
			buildActionMask = 2147483647;
			dstPath = "";
			dstSubfolderSpec = 10;
			files = (
			);
			runOnlyForDeploymentPostprocessing = 0;
		};
/* End PBXCopyFilesBuildPhase section */

/* Begin PBXFileReference section */
		7B385DDC15C384B700A28686 /* ANSegmentedCell.h */ = {isa = PBXFileReference; fileEncoding = 4; lastKnownFileType = sourcecode.c.h; path = ANSegmentedCell.h; sourceTree = "<group>"; };
		7B385DDD15C384B700A28686 /* ANSegmentedCell.m */ = {isa = PBXFileReference; fileEncoding = 4; lastKnownFileType = sourcecode.c.objc; path = ANSegmentedCell.m; sourceTree = "<group>"; };
		7B385DDE15C384B700A28686 /* ANSegmentedControl.h */ = {isa = PBXFileReference; fileEncoding = 4; lastKnownFileType = sourcecode.c.h; path = ANSegmentedControl.h; sourceTree = "<group>"; };
		7B385DDF15C384B700A28686 /* ANSegmentedControl.m */ = {isa = PBXFileReference; fileEncoding = 4; lastKnownFileType = sourcecode.c.objc; path = ANSegmentedControl.m; sourceTree = "<group>"; };
		7B385DE015C384B700A28686 /* NSBezierPath+MCAdditions.h */ = {isa = PBXFileReference; fileEncoding = 4; lastKnownFileType = sourcecode.c.h; path = "NSBezierPath+MCAdditions.h"; sourceTree = "<group>"; };
		7B385DE115C384B700A28686 /* NSBezierPath+MCAdditions.m */ = {isa = PBXFileReference; fileEncoding = 4; lastKnownFileType = sourcecode.c.objc; path = "NSBezierPath+MCAdditions.m"; sourceTree = "<group>"; };
		7B385DE215C384B700A28686 /* NSShadow+MCAdditions.h */ = {isa = PBXFileReference; fileEncoding = 4; lastKnownFileType = sourcecode.c.h; path = "NSShadow+MCAdditions.h"; sourceTree = "<group>"; };
		7B385DE315C384B700A28686 /* NSShadow+MCAdditions.m */ = {isa = PBXFileReference; fileEncoding = 4; lastKnownFileType = sourcecode.c.objc; path = "NSShadow+MCAdditions.m"; sourceTree = "<group>"; };
		7B542D6315C24FD00053295C /* QuartzCore.framework */ = {isa = PBXFileReference; lastKnownFileType = wrapper.framework; name = QuartzCore.framework; path = System/Library/Frameworks/QuartzCore.framework; sourceTree = SDKROOT; };
		7B6A1A5F15E707B40028D3E1 /* AtoZ.framework */ = {isa = PBXFileReference; lastKnownFileType = wrapper.framework; name = AtoZ.framework; path = ../../../../../Users/localadmin/Library/Developer/Xcode/DerivedData/Build/Products/Debug/AtoZ.framework; sourceTree = "<group>"; };
		7B7C008C15D186280093CF6B /* scratch */ = {isa = PBXFileReference; fileEncoding = 4; lastKnownFileType = text; path = scratch; sourceTree = "<group>"; };
		7B96423915C14302001A0B0F /* AtoZ.framework */ = {isa = PBXFileReference; lastKnownFileType = wrapper.framework; name = AtoZ.framework; path = "../../../../disenchanted 750/DerivedData/AtoZ-hfqteqfcvjfinlajqwkydsqyzpiz/Build/Products/Debug/AtoZ.framework"; sourceTree = "<group>"; };
		7BA6A40015C2A0AB005503DF /* AtoZiTunes.framework */ = {isa = PBXFileReference; lastKnownFileType = wrapper.framework; name = AtoZiTunes.framework; path = "../../../../disenchanted 750/DerivedData/AtoZ-hfqteqfcvjfinlajqwkydsqyzpiz/Build/Products/Debug/AtoZiTunes.framework"; sourceTree = "<group>"; };
		7BBD989515AF7EB800943FC1 /* AtoZInfiniteScroll.app */ = {isa = PBXFileReference; explicitFileType = wrapper.application; includeInIndex = 0; path = AtoZInfiniteScroll.app; sourceTree = BUILT_PRODUCTS_DIR; };
		7BBD989915AF7EB800943FC1 /* Cocoa.framework */ = {isa = PBXFileReference; lastKnownFileType = wrapper.framework; name = Cocoa.framework; path = System/Library/Frameworks/Cocoa.framework; sourceTree = SDKROOT; };
		7BBD989C15AF7EB800943FC1 /* AppKit.framework */ = {isa = PBXFileReference; lastKnownFileType = wrapper.framework; name = AppKit.framework; path = System/Library/Frameworks/AppKit.framework; sourceTree = SDKROOT; };
		7BBD989D15AF7EB800943FC1 /* CoreData.framework */ = {isa = PBXFileReference; lastKnownFileType = wrapper.framework; name = CoreData.framework; path = System/Library/Frameworks/CoreData.framework; sourceTree = SDKROOT; };
		7BBD989E15AF7EB800943FC1 /* Foundation.framework */ = {isa = PBXFileReference; lastKnownFileType = wrapper.framework; name = Foundation.framework; path = System/Library/Frameworks/Foundation.framework; sourceTree = SDKROOT; };
		7BBD98A115AF7EB800943FC1 /* AtoZInfiniteScroll-Info.plist */ = {isa = PBXFileReference; lastKnownFileType = text.plist.xml; path = "AtoZInfiniteScroll-Info.plist"; sourceTree = "<group>"; };
		7BBD98A315AF7EB800943FC1 /* en */ = {isa = PBXFileReference; lastKnownFileType = text.plist.strings; name = en; path = en.lproj/InfoPlist.strings; sourceTree = "<group>"; };
		7BBD98A515AF7EB800943FC1 /* main.m */ = {isa = PBXFileReference; lastKnownFileType = sourcecode.c.objc; path = main.m; sourceTree = "<group>"; };
		7BBD98A715AF7EB800943FC1 /* AtoZInfiniteScroll-Prefix.pch */ = {isa = PBXFileReference; lastKnownFileType = sourcecode.c.h; path = "AtoZInfiniteScroll-Prefix.pch"; sourceTree = "<group>"; };
		7BBD98A915AF7EB800943FC1 /* en */ = {isa = PBXFileReference; lastKnownFileType = text.rtf; name = en; path = en.lproj/Credits.rtf; sourceTree = "<group>"; };
		7BBD98AB15AF7EB800943FC1 /* AZAppDelegate.h */ = {isa = PBXFileReference; lastKnownFileType = sourcecode.c.h; path = AZAppDelegate.h; sourceTree = "<group>"; };
		7BBD98AC15AF7EB800943FC1 /* AZAppDelegate.m */ = {isa = PBXFileReference; lastKnownFileType = sourcecode.c.objc; path = AZAppDelegate.m; sourceTree = "<group>"; };
		7BBD98AF15AF7EB800943FC1 /* en */ = {isa = PBXFileReference; lastKnownFileType = file.xib; name = en; path = en.lproj/MainMenu.xib; sourceTree = "<group>"; };
		7BBD98D115AF800600943FC1 /* AZSimpleView.h */ = {isa = PBXFileReference; fileEncoding = 4; lastKnownFileType = sourcecode.c.h; path = AZSimpleView.h; sourceTree = "<group>"; };
		7BBD98D215AF800600943FC1 /* AZSimpleView.m */ = {isa = PBXFileReference; fileEncoding = 4; lastKnownFileType = sourcecode.c.objc; path = AZSimpleView.m; sourceTree = "<group>"; };
		7BBD98D515AF804200943FC1 /* AZInfiniteScrollView.h */ = {isa = PBXFileReference; fileEncoding = 4; lastKnownFileType = sourcecode.c.h; path = AZInfiniteScrollView.h; sourceTree = "<group>"; };
		7BBD98D615AF804200943FC1 /* AZInfiniteScrollView.m */ = {isa = PBXFileReference; fileEncoding = 4; lastKnownFileType = sourcecode.c.objc; path = AZInfiniteScrollView.m; sourceTree = "<group>"; };
		7BBD98D815AF9D5100943FC1 /* 1.pdf */ = {isa = PBXFileReference; lastKnownFileType = image.pdf; path = 1.pdf; sourceTree = "<group>"; };
		7BBD98D915AF9D5200943FC1 /* 2.pdf */ = {isa = PBXFileReference; lastKnownFileType = image.pdf; path = 2.pdf; sourceTree = "<group>"; };
		7BBD98DA15AF9D5200943FC1 /* 3.pdf */ = {isa = PBXFileReference; lastKnownFileType = image.pdf; path = 3.pdf; sourceTree = "<group>"; };
		7BBD98DB15AF9D5200943FC1 /* 4.pdf */ = {isa = PBXFileReference; lastKnownFileType = image.pdf; path = 4.pdf; sourceTree = "<group>"; };
		7BBD98DC15AF9D5200943FC1 /* 5.pdf */ = {isa = PBXFileReference; lastKnownFileType = image.pdf; path = 5.pdf; sourceTree = "<group>"; };
/* End PBXFileReference section */

/* Begin PBXFrameworksBuildPhase section */
		7BBD989215AF7EB800943FC1 /* Frameworks */ = {
			isa = PBXFrameworksBuildPhase;
			buildActionMask = 2147483647;
			files = (
				7B6A1A6015E707B40028D3E1 /* AtoZ.framework in Frameworks */,
				7B542D6415C24FD00053295C /* QuartzCore.framework in Frameworks */,
				7BBD989A15AF7EB800943FC1 /* Cocoa.framework in Frameworks */,
			);
			runOnlyForDeploymentPostprocessing = 0;
		};
/* End PBXFrameworksBuildPhase section */

/* Begin PBXGroup section */
		7B385DDB15C384B700A28686 /* ANSegmentedControl */ = {
			isa = PBXGroup;
			children = (
				7B385DDC15C384B700A28686 /* ANSegmentedCell.h */,
				7B385DDD15C384B700A28686 /* ANSegmentedCell.m */,
				7B385DDE15C384B700A28686 /* ANSegmentedControl.h */,
				7B385DDF15C384B700A28686 /* ANSegmentedControl.m */,
				7B385DE015C384B700A28686 /* NSBezierPath+MCAdditions.h */,
				7B385DE115C384B700A28686 /* NSBezierPath+MCAdditions.m */,
				7B385DE215C384B700A28686 /* NSShadow+MCAdditions.h */,
				7B385DE315C384B700A28686 /* NSShadow+MCAdditions.m */,
			);
			path = ANSegmentedControl;
			sourceTree = "<group>";
		};
		7BBD988A15AF7EB800943FC1 = {
			isa = PBXGroup;
			children = (
				7B6A1A5F15E707B40028D3E1 /* AtoZ.framework */,
				7B385DDB15C384B700A28686 /* ANSegmentedControl */,
				7BBD989F15AF7EB800943FC1 /* AtoZInfiniteScroll */,
				7BBD989815AF7EB800943FC1 /* Frameworks */,
				7BBD989615AF7EB800943FC1 /* Products */,
			);
			sourceTree = "<group>";
		};
		7BBD989615AF7EB800943FC1 /* Products */ = {
			isa = PBXGroup;
			children = (
				7BBD989515AF7EB800943FC1 /* AtoZInfiniteScroll.app */,
			);
			name = Products;
			sourceTree = "<group>";
		};
		7BBD989815AF7EB800943FC1 /* Frameworks */ = {
			isa = PBXGroup;
			children = (
				7BA6A40015C2A0AB005503DF /* AtoZiTunes.framework */,
				7B542D6315C24FD00053295C /* QuartzCore.framework */,
				7B96423915C14302001A0B0F /* AtoZ.framework */,
				7BBD989915AF7EB800943FC1 /* Cocoa.framework */,
				7BBD989B15AF7EB800943FC1 /* Other Frameworks */,
			);
			name = Frameworks;
			sourceTree = "<group>";
		};
		7BBD989B15AF7EB800943FC1 /* Other Frameworks */ = {
			isa = PBXGroup;
			children = (
				7BBD989C15AF7EB800943FC1 /* AppKit.framework */,
				7BBD989D15AF7EB800943FC1 /* CoreData.framework */,
				7BBD989E15AF7EB800943FC1 /* Foundation.framework */,
			);
			name = "Other Frameworks";
			sourceTree = "<group>";
		};
		7BBD989F15AF7EB800943FC1 /* AtoZInfiniteScroll */ = {
			isa = PBXGroup;
			children = (
				7BBD98AB15AF7EB800943FC1 /* AZAppDelegate.h */,
				7BBD98AC15AF7EB800943FC1 /* AZAppDelegate.m */,
				7BBD98AE15AF7EB800943FC1 /* MainMenu.xib */,
				7BBD98D515AF804200943FC1 /* AZInfiniteScrollView.h */,
				7BBD98D615AF804200943FC1 /* AZInfiniteScrollView.m */,
				7BBD98A015AF7EB800943FC1 /* Supporting Files */,
				7B7C008C15D186280093CF6B /* scratch */,
			);
			path = AtoZInfiniteScroll;
			sourceTree = SOURCE_ROOT;
		};
		7BBD98A015AF7EB800943FC1 /* Supporting Files */ = {
			isa = PBXGroup;
			children = (
				7BBD98D115AF800600943FC1 /* AZSimpleView.h */,
				7BBD98D215AF800600943FC1 /* AZSimpleView.m */,
				7BBD98D815AF9D5100943FC1 /* 1.pdf */,
				7BBD98D915AF9D5200943FC1 /* 2.pdf */,
				7BBD98DA15AF9D5200943FC1 /* 3.pdf */,
				7BBD98DB15AF9D5200943FC1 /* 4.pdf */,
				7BBD98DC15AF9D5200943FC1 /* 5.pdf */,
				7BBD98A115AF7EB800943FC1 /* AtoZInfiniteScroll-Info.plist */,
				7BBD98A215AF7EB800943FC1 /* InfoPlist.strings */,
				7BBD98A515AF7EB800943FC1 /* main.m */,
				7BBD98A715AF7EB800943FC1 /* AtoZInfiniteScroll-Prefix.pch */,
				7BBD98A815AF7EB800943FC1 /* Credits.rtf */,
			);
			name = "Supporting Files";
			sourceTree = "<group>";
		};
/* End PBXGroup section */

/* Begin PBXNativeTarget section */
		7BBD989415AF7EB800943FC1 /* AtoZInfiniteScroll */ = {
			isa = PBXNativeTarget;
			buildConfigurationList = 7BBD98B315AF7EB800943FC1 /* Build configuration list for PBXNativeTarget "AtoZInfiniteScroll" */;
			buildPhases = (
				7BBD989115AF7EB800943FC1 /* Sources */,
				7BBD989215AF7EB800943FC1 /* Frameworks */,
				7BBD989315AF7EB800943FC1 /* Resources */,
				7BA6A40215C2A0C2005503DF /* CopyFiles */,
			);
			buildRules = (
			);
			dependencies = (
			);
			name = AtoZInfiniteScroll;
			productName = AtoZInfiniteScroll;
			productReference = 7BBD989515AF7EB800943FC1 /* AtoZInfiniteScroll.app */;
			productType = "com.apple.product-type.application";
		};
/* End PBXNativeTarget section */

/* Begin PBXProject section */
		7BBD988C15AF7EB800943FC1 /* Project object */ = {
			isa = PBXProject;
			attributes = {
				CLASSPREFIX = AZ;
				LastUpgradeCheck = 0450;
				ORGANIZATIONNAME = "mrgray.com, inc.";
			};
			buildConfigurationList = 7BBD988F15AF7EB800943FC1 /* Build configuration list for PBXProject "AtoZInfiniteScroll" */;
			compatibilityVersion = "Xcode 3.2";
			developmentRegion = English;
			hasScannedForEncodings = 0;
			knownRegions = (
				en,
			);
			mainGroup = 7BBD988A15AF7EB800943FC1;
			productRefGroup = 7BBD989615AF7EB800943FC1 /* Products */;
			projectDirPath = "";
			projectRoot = "";
			targets = (
				7BBD989415AF7EB800943FC1 /* AtoZInfiniteScroll */,
			);
		};
/* End PBXProject section */

/* Begin PBXResourcesBuildPhase section */
		7BBD989315AF7EB800943FC1 /* Resources */ = {
			isa = PBXResourcesBuildPhase;
			buildActionMask = 2147483647;
			files = (
				7BBD98A415AF7EB800943FC1 /* InfoPlist.strings in Resources */,
				7BBD98AA15AF7EB800943FC1 /* Credits.rtf in Resources */,
				7BBD98B015AF7EB800943FC1 /* MainMenu.xib in Resources */,
				7BBD98DD15AF9D5200943FC1 /* 1.pdf in Resources */,
				7BBD98DE15AF9D5200943FC1 /* 2.pdf in Resources */,
				7BBD98DF15AF9D5200943FC1 /* 3.pdf in Resources */,
				7BBD98E015AF9D5200943FC1 /* 4.pdf in Resources */,
				7BBD98E115AF9D5200943FC1 /* 5.pdf in Resources */,
				7B7C008D15D186280093CF6B /* scratch in Resources */,
			);
			runOnlyForDeploymentPostprocessing = 0;
		};
/* End PBXResourcesBuildPhase section */

/* Begin PBXSourcesBuildPhase section */
		7BBD989115AF7EB800943FC1 /* Sources */ = {
			isa = PBXSourcesBuildPhase;
			buildActionMask = 2147483647;
			files = (
				7BBD98A615AF7EB800943FC1 /* main.m in Sources */,
				7BBD98AD15AF7EB800943FC1 /* AZAppDelegate.m in Sources */,
				7B385DE415C384B700A28686 /* ANSegmentedCell.m in Sources */,
				7B385DE515C384B700A28686 /* ANSegmentedControl.m in Sources */,
				7B385DE615C384B800A28686 /* NSBezierPath+MCAdditions.m in Sources */,
				7B385DE715C384B800A28686 /* NSShadow+MCAdditions.m in Sources */,
			);
			runOnlyForDeploymentPostprocessing = 0;
		};
/* End PBXSourcesBuildPhase section */

/* Begin PBXVariantGroup section */
		7BBD98A215AF7EB800943FC1 /* InfoPlist.strings */ = {
			isa = PBXVariantGroup;
			children = (
				7BBD98A315AF7EB800943FC1 /* en */,
			);
			name = InfoPlist.strings;
			sourceTree = "<group>";
		};
		7BBD98A815AF7EB800943FC1 /* Credits.rtf */ = {
			isa = PBXVariantGroup;
			children = (
				7BBD98A915AF7EB800943FC1 /* en */,
			);
			name = Credits.rtf;
			sourceTree = "<group>";
		};
		7BBD98AE15AF7EB800943FC1 /* MainMenu.xib */ = {
			isa = PBXVariantGroup;
			children = (
				7BBD98AF15AF7EB800943FC1 /* en */,
			);
			name = MainMenu.xib;
			sourceTree = "<group>";
		};
/* End PBXVariantGroup section */

/* Begin XCBuildConfiguration section */
		7BBD98B115AF7EB800943FC1 /* Debug */ = {
			isa = XCBuildConfiguration;
			buildSettings = {
				ALWAYS_SEARCH_USER_PATHS = YES;
				ARCHS = "$(ARCHS_STANDARD_64_BIT)";
				CLANG_ENABLE_OBJC_ARC = YES;
				COPY_PHASE_STRIP = NO;
				GCC_C_LANGUAGE_STANDARD = "compiler-default";
				GCC_DYNAMIC_NO_PIC = NO;
				GCC_ENABLE_OBJC_EXCEPTIONS = YES;
				GCC_OPTIMIZATION_LEVEL = 0;
				GCC_PREPROCESSOR_DEFINITIONS = (
					"DEBUG=1",
					"$(inherited)",
				);
				GCC_SYMBOLS_PRIVATE_EXTERN = NO;
				GCC_VERSION = com.apple.compilers.llvm.clang.1_0;
				GCC_WARN_64_TO_32_BIT_CONVERSION = YES;
				GCC_WARN_ABOUT_RETURN_TYPE = YES;
				GCC_WARN_UNINITIALIZED_AUTOS = YES;
				GCC_WARN_UNUSED_VARIABLE = YES;
				MACOSX_DEPLOYMENT_TARGET = 10.6;
				ONLY_ACTIVE_ARCH = YES;
				SDKROOT = macosx;
			};
			name = Debug;
		};
		7BBD98B215AF7EB800943FC1 /* Release */ = {
			isa = XCBuildConfiguration;
			buildSettings = {
				ALWAYS_SEARCH_USER_PATHS = YES;
				ARCHS = "$(ARCHS_STANDARD_64_BIT)";
				CLANG_ENABLE_OBJC_ARC = YES;
				COPY_PHASE_STRIP = YES;
				DEBUG_INFORMATION_FORMAT = "dwarf-with-dsym";
				GCC_C_LANGUAGE_STANDARD = "compiler-default";
				GCC_ENABLE_OBJC_EXCEPTIONS = YES;
				GCC_VERSION = com.apple.compilers.llvm.clang.1_0;
				GCC_WARN_64_TO_32_BIT_CONVERSION = YES;
				GCC_WARN_ABOUT_RETURN_TYPE = YES;
				GCC_WARN_UNINITIALIZED_AUTOS = YES;
				GCC_WARN_UNUSED_VARIABLE = YES;
				MACOSX_DEPLOYMENT_TARGET = 10.6;
				SDKROOT = macosx;
			};
			name = Release;
		};
		7BBD98B415AF7EB800943FC1 /* Debug */ = {
			isa = XCBuildConfiguration;
			buildSettings = {
				CLANG_ENABLE_OBJC_ARC = YES;
				COMBINE_HIDPI_IMAGES = YES;
				FRAMEWORK_SEARCH_PATHS = (
					"$(inherited)",
					"\"$(SRCROOT)/../../../../disenchanted 750/DerivedData/AtoZ-hfqteqfcvjfinlajqwkydsqyzpiz/Build/Products/Debug\"",
					/Users/localadmin/Library/Developer/Xcode/DerivedData/Build/Products/Debug,
				);
				GCC_PRECOMPILE_PREFIX_HEADER = YES;
				GCC_PREFIX_HEADER = "AtoZInfiniteScroll/AtoZInfiniteScroll-Prefix.pch";
				INFOPLIST_FILE = "AtoZInfiniteScroll/AtoZInfiniteScroll-Info.plist";
				MACOSX_DEPLOYMENT_TARGET = 10.7;
				OTHER_CFLAGS = (
					"-Xclang",
					"-fobjc-runtime-has-weak",
				);
				PRODUCT_NAME = "$(TARGET_NAME)";
				SDKROOT = macosx;
				WRAPPER_EXTENSION = app;
			};
			name = Debug;
		};
		7BBD98B515AF7EB800943FC1 /* Release */ = {
			isa = XCBuildConfiguration;
			buildSettings = {
				CLANG_ENABLE_OBJC_ARC = YES;
				COMBINE_HIDPI_IMAGES = YES;
				FRAMEWORK_SEARCH_PATHS = (
					"$(inherited)",
					"\"$(SRCROOT)/../../../../disenchanted 750/DerivedData/AtoZ-hfqteqfcvjfinlajqwkydsqyzpiz/Build/Products/Debug\"",
					/Users/localadmin/Library/Developer/Xcode/DerivedData/Build/Products/Debug,
				);
				GCC_PRECOMPILE_PREFIX_HEADER = YES;
				GCC_PREFIX_HEADER = "AtoZInfiniteScroll/AtoZInfiniteScroll-Prefix.pch";
				INFOPLIST_FILE = "AtoZInfiniteScroll/AtoZInfiniteScroll-Info.plist";
				MACOSX_DEPLOYMENT_TARGET = 10.7;
				OTHER_CFLAGS = (
					"-Xclang",
					"-fobjc-runtime-has-weak",
				);
				PRODUCT_NAME = "$(TARGET_NAME)";
				SDKROOT = macosx;
				WRAPPER_EXTENSION = app;
			};
			name = Release;
		};
/* End XCBuildConfiguration section */

/* Begin XCConfigurationList section */
		7BBD988F15AF7EB800943FC1 /* Build configuration list for PBXProject "AtoZInfiniteScroll" */ = {
			isa = XCConfigurationList;
			buildConfigurations = (
				7BBD98B115AF7EB800943FC1 /* Debug */,
				7BBD98B215AF7EB800943FC1 /* Release */,
			);
			defaultConfigurationIsVisible = 0;
			defaultConfigurationName = Release;
		};
		7BBD98B315AF7EB800943FC1 /* Build configuration list for PBXNativeTarget "AtoZInfiniteScroll" */ = {
			isa = XCConfigurationList;
			buildConfigurations = (
				7BBD98B415AF7EB800943FC1 /* Debug */,
				7BBD98B515AF7EB800943FC1 /* Release */,
			);
			defaultConfigurationIsVisible = 0;
			defaultConfigurationName = Release;
		};
/* End XCConfigurationList section */
	};
	rootObject = 7BBD988C15AF7EB800943FC1 /* Project object */;
}
